{
  "mojo_version": "0.26.1",
  "packages": [
    {
      "name": "flatbuffers",
      "version": "1.0.2",
      "source_url": "https://github.com/Mosaad-M/flatbuffers/archive/refs/tags/v1.0.2.tar.gz",
      "sha256": "754955974f3c9585a6987f016c479ffde0dd471e9e39ab6803af4b11015a9549",
      "install_path": "/home/mmosaad/.mojo/packages/flatbuffers/1.0.2"
    }
  ]
}
